
Microsoft Visual Studio Solution File, Format Version 12.00
# Visual Studio 2012
Project("{FAE04EC0-301F-11D3-BF4B-00C04F79EFBC}") = "Spectre", "Spectre\Spectre.csproj", "{B09CEF99-46FF-4561-807F-A2EC71078258}"
EndProject
Project("{FAE04EC0-301F-11D3-BF4B-00C04F79EFBC}") = "Scylla.XmlEngine", "..\TankLeader 2\Scylla\Scylla.XmlEngine\Scylla.XmlEngine.csproj", "{9B8F172E-FA31-47BA-8BE1-70B772A87AAF}"
EndProject
Project("{FAE04EC0-301F-11D3-BF4B-00C04F79EFBC}") = "Spectre.Vault", "Spectre.Vault\Spectre.Vault.csproj", "{EF3D7E0B-0653-46C6-9353-1234DACEEEEA}"
EndProject
Project("{FAE04EC0-301F-11D3-BF4B-00C04F79EFBC}") = "Spectre.Common", "Spectre.Common\Spectre.Common.csproj", "{C0AC4C9E-3DC7-4CD8-BF23-99A3041EA8D2}"
EndProject
Global
	GlobalSection(SolutionConfigurationPlatforms) = preSolution
		Debug|Any CPU = Debug|Any CPU
		Debug|x86 = Debug|x86
		Release|Any CPU = Release|Any CPU
		Release|x86 = Release|x86
	EndGlobalSection
	GlobalSection(ProjectConfigurationPlatforms) = postSolution
		{B09CEF99-46FF-4561-807F-A2EC71078258}.Debug|Any CPU.ActiveCfg = Debug|Any CPU
		{B09CEF99-46FF-4561-807F-A2EC71078258}.Debug|Any CPU.Build.0 = Debug|Any CPU
		{B09CEF99-46FF-4561-807F-A2EC71078258}.Debug|x86.ActiveCfg = Debug|x86
		{B09CEF99-46FF-4561-807F-A2EC71078258}.Debug|x86.Build.0 = Debug|x86
		{B09CEF99-46FF-4561-807F-A2EC71078258}.Release|Any CPU.ActiveCfg = Release|Any CPU
		{B09CEF99-46FF-4561-807F-A2EC71078258}.Release|Any CPU.Build.0 = Release|Any CPU
		{B09CEF99-46FF-4561-807F-A2EC71078258}.Release|x86.ActiveCfg = Release|x86
		{B09CEF99-46FF-4561-807F-A2EC71078258}.Release|x86.Build.0 = Release|x86
		{9B8F172E-FA31-47BA-8BE1-70B772A87AAF}.Debug|Any CPU.ActiveCfg = Debug|Any CPU
		{9B8F172E-FA31-47BA-8BE1-70B772A87AAF}.Debug|Any CPU.Build.0 = Debug|Any CPU
		{9B8F172E-FA31-47BA-8BE1-70B772A87AAF}.Debug|x86.ActiveCfg = Debug|x86
		{9B8F172E-FA31-47BA-8BE1-70B772A87AAF}.Debug|x86.Build.0 = Debug|x86
		{9B8F172E-FA31-47BA-8BE1-70B772A87AAF}.Release|Any CPU.ActiveCfg = Release|Any CPU
		{9B8F172E-FA31-47BA-8BE1-70B772A87AAF}.Release|Any CPU.Build.0 = Release|Any CPU
		{9B8F172E-FA31-47BA-8BE1-70B772A87AAF}.Release|x86.ActiveCfg = Release|x86
		{9B8F172E-FA31-47BA-8BE1-70B772A87AAF}.Release|x86.Build.0 = Release|x86
		{EF3D7E0B-0653-46C6-9353-1234DACEEEEA}.Debug|Any CPU.ActiveCfg = Debug|Any CPU
		{EF3D7E0B-0653-46C6-9353-1234DACEEEEA}.Debug|Any CPU.Build.0 = Debug|Any CPU
		{EF3D7E0B-0653-46C6-9353-1234DACEEEEA}.Debug|x86.ActiveCfg = Debug|x86
		{EF3D7E0B-0653-46C6-9353-1234DACEEEEA}.Debug|x86.Build.0 = Debug|x86
		{EF3D7E0B-0653-46C6-9353-1234DACEEEEA}.Release|Any CPU.ActiveCfg = Release|Any CPU
		{EF3D7E0B-0653-46C6-9353-1234DACEEEEA}.Release|Any CPU.Build.0 = Release|Any CPU
		{EF3D7E0B-0653-46C6-9353-1234DACEEEEA}.Release|x86.ActiveCfg = Release|x86
		{EF3D7E0B-0653-46C6-9353-1234DACEEEEA}.Release|x86.Build.0 = Release|x86
		{C0AC4C9E-3DC7-4CD8-BF23-99A3041EA8D2}.Debug|Any CPU.ActiveCfg = Debug|Any CPU
		{C0AC4C9E-3DC7-4CD8-BF23-99A3041EA8D2}.Debug|Any CPU.Build.0 = Debug|Any CPU
		{C0AC4C9E-3DC7-4CD8-BF23-99A3041EA8D2}.Debug|x86.ActiveCfg = Debug|x86
		{C0AC4C9E-3DC7-4CD8-BF23-99A3041EA8D2}.Debug|x86.Build.0 = Debug|x86
		{C0AC4C9E-3DC7-4CD8-BF23-99A3041EA8D2}.Release|Any CPU.ActiveCfg = Release|Any CPU
		{C0AC4C9E-3DC7-4CD8-BF23-99A3041EA8D2}.Release|Any CPU.Build.0 = Release|Any CPU
		{C0AC4C9E-3DC7-4CD8-BF23-99A3041EA8D2}.Release|x86.ActiveCfg = Release|x86
		{C0AC4C9E-3DC7-4CD8-BF23-99A3041EA8D2}.Release|x86.Build.0 = Release|x86
	EndGlobalSection
	GlobalSection(SolutionProperties) = preSolution
		HideSolutionNode = FALSE
	EndGlobalSection
EndGlobal
